// !$*UTF8*$!
{
	archiveVersion = 1;
	classes = {
	};
	objectVersion = 55;
	objects = {

/* Begin PBXBuildFile section */
		7941D71828109A45007975D2 /* UIKeyboard.swift in Sources */ = {isa = PBXBuildFile; fileRef = 7941D71728109A45007975D2 /* UIKeyboard.swift */; };
		795060482812A0D60062923C /* LaunchScreen.storyboard in Resources */ = {isa = PBXBuildFile; fileRef = 795060472812A0D60062923C /* LaunchScreen.storyboard */; };
		796C163F280DF55A009CBBC3 /* MemoRowView.swift in Sources */ = {isa = PBXBuildFile; fileRef = 796C163E280DF55A009CBBC3 /* MemoRowView.swift */; };
		796C1641280DF6D3009CBBC3 /* MemoListView.swift in Sources */ = {isa = PBXBuildFile; fileRef = 796C1640280DF6D3009CBBC3 /* MemoListView.swift */; };
		796C1647280DFD1D009CBBC3 /* HalfASheet in Frameworks */ = {isa = PBXBuildFile; productRef = 796C1646280DFD1D009CBBC3 /* HalfASheet */; };
		796C1649280DFFBA009CBBC3 /* NoFolderView.swift in Sources */ = {isa = PBXBuildFile; fileRef = 796C1648280DFFBA009CBBC3 /* NoFolderView.swift */; };
		796C164B280E03D7009CBBC3 /* NoMemoView.swift in Sources */ = {isa = PBXBuildFile; fileRef = 796C164A280E03D7009CBBC3 /* NoMemoView.swift */; };
		796C1652280EA0B6009CBBC3 /* Color.swift in Sources */ = {isa = PBXBuildFile; fileRef = 796C1651280EA0B6009CBBC3 /* Color.swift */; };
		7980E6C82810392A004628CB /* NewMemoView.swift in Sources */ = {isa = PBXBuildFile; fileRef = 7980E6C72810392A004628CB /* NewMemoView.swift */; };
		79CF83222819CE7F00D8BB64 /* SecretMemoView.swift in Sources */ = {isa = PBXBuildFile; fileRef = 79CF83212819CE7F00D8BB64 /* SecretMemoView.swift */; };
		79CF83242819DE9300D8BB64 /* ShareSheet.swift in Sources */ = {isa = PBXBuildFile; fileRef = 79CF83232819DE9300D8BB64 /* ShareSheet.swift */; };
		79CF8326281AED5300D8BB64 /* ImagePicker.swift in Sources */ = {isa = PBXBuildFile; fileRef = 79CF8325281AED5300D8BB64 /* ImagePicker.swift */; };
		79CF8328281B086E00D8BB64 /* ImageView.swift in Sources */ = {isa = PBXBuildFile; fileRef = 79CF8327281B086E00D8BB64 /* ImageView.swift */; };
		79D81FAE280C7E2500EB7260 /* ColMemoApp.swift in Sources */ = {isa = PBXBuildFile; fileRef = 79D81FAD280C7E2500EB7260 /* ColMemoApp.swift */; };
		79D81FB2280C7E2600EB7260 /* Assets.xcassets in Resources */ = {isa = PBXBuildFile; fileRef = 79D81FB1280C7E2600EB7260 /* Assets.xcassets */; };
		79D81FB5280C7E2600EB7260 /* Preview Assets.xcassets in Resources */ = {isa = PBXBuildFile; fileRef = 79D81FB4280C7E2600EB7260 /* Preview Assets.xcassets */; };
		79D81FC0280C7E5200EB7260 /* MemoModel.swift in Sources */ = {isa = PBXBuildFile; fileRef = 79D81FBF280C7E5200EB7260 /* MemoModel.swift */; };
		79D81FC2280C7E7300EB7260 /* FolderListView.swift in Sources */ = {isa = PBXBuildFile; fileRef = 79D81FC1280C7E7300EB7260 /* FolderListView.swift */; };
		79D81FC4280C7E8900EB7260 /* MemoViewModel.swift in Sources */ = {isa = PBXBuildFile; fileRef = 79D81FC3280C7E8800EB7260 /* MemoViewModel.swift */; };
		79D81FCA280C7FB700EB7260 /* FolderRowView.swift in Sources */ = {isa = PBXBuildFile; fileRef = 79D81FC9280C7FB700EB7260 /* FolderRowView.swift */; };
/* End PBXBuildFile section */

/* Begin PBXFileReference section */
		7941D71728109A45007975D2 /* UIKeyboard.swift */ = {isa = PBXFileReference; lastKnownFileType = sourcecode.swift; path = UIKeyboard.swift; sourceTree = "<group>"; };
		795060472812A0D60062923C /* LaunchScreen.storyboard */ = {isa = PBXFileReference; lastKnownFileType = file.storyboard; path = LaunchScreen.storyboard; sourceTree = "<group>"; };
		796C163E280DF55A009CBBC3 /* MemoRowView.swift */ = {isa = PBXFileReference; lastKnownFileType = sourcecode.swift; path = MemoRowView.swift; sourceTree = "<group>"; };
		796C1640280DF6D3009CBBC3 /* MemoListView.swift */ = {isa = PBXFileReference; lastKnownFileType = sourcecode.swift; path = MemoListView.swift; sourceTree = "<group>"; };
		796C1648280DFFBA009CBBC3 /* NoFolderView.swift */ = {isa = PBXFileReference; lastKnownFileType = sourcecode.swift; path = NoFolderView.swift; sourceTree = "<group>"; };
		796C164A280E03D7009CBBC3 /* NoMemoView.swift */ = {isa = PBXFileReference; lastKnownFileType = sourcecode.swift; path = NoMemoView.swift; sourceTree = "<group>"; };
		796C1651280EA0B6009CBBC3 /* Color.swift */ = {isa = PBXFileReference; lastKnownFileType = sourcecode.swift; path = Color.swift; sourceTree = "<group>"; };
		7980E6C72810392A004628CB /* NewMemoView.swift */ = {isa = PBXFileReference; lastKnownFileType = sourcecode.swift; path = NewMemoView.swift; sourceTree = "<group>"; };
		79CF83212819CE7F00D8BB64 /* SecretMemoView.swift */ = {isa = PBXFileReference; lastKnownFileType = sourcecode.swift; path = SecretMemoView.swift; sourceTree = "<group>"; };
		79CF83232819DE9300D8BB64 /* ShareSheet.swift */ = {isa = PBXFileReference; lastKnownFileType = sourcecode.swift; path = ShareSheet.swift; sourceTree = "<group>"; };
		79CF8325281AED5300D8BB64 /* ImagePicker.swift */ = {isa = PBXFileReference; lastKnownFileType = sourcecode.swift; path = ImagePicker.swift; sourceTree = "<group>"; };
		79CF8327281B086E00D8BB64 /* ImageView.swift */ = {isa = PBXFileReference; lastKnownFileType = sourcecode.swift; path = ImageView.swift; sourceTree = "<group>"; };
		79D81FAA280C7E2500EB7260 /* ColMemo.app */ = {isa = PBXFileReference; explicitFileType = wrapper.application; includeInIndex = 0; path = ColMemo.app; sourceTree = BUILT_PRODUCTS_DIR; };
		79D81FAD280C7E2500EB7260 /* ColMemoApp.swift */ = {isa = PBXFileReference; lastKnownFileType = sourcecode.swift; path = ColMemoApp.swift; sourceTree = "<group>"; };
		79D81FB1280C7E2600EB7260 /* Assets.xcassets */ = {isa = PBXFileReference; lastKnownFileType = folder.assetcatalog; path = Assets.xcassets; sourceTree = "<group>"; };
		79D81FB4280C7E2600EB7260 /* Preview Assets.xcassets */ = {isa = PBXFileReference; lastKnownFileType = folder.assetcatalog; path = "Preview Assets.xcassets"; sourceTree = "<group>"; };
		79D81FBF280C7E5200EB7260 /* MemoModel.swift */ = {isa = PBXFileReference; lastKnownFileType = sourcecode.swift; path = MemoModel.swift; sourceTree = "<group>"; };
		79D81FC1280C7E7300EB7260 /* FolderListView.swift */ = {isa = PBXFileReference; lastKnownFileType = sourcecode.swift; path = FolderListView.swift; sourceTree = "<group>"; };
		79D81FC3280C7E8800EB7260 /* MemoViewModel.swift */ = {isa = PBXFileReference; lastKnownFileType = sourcecode.swift; path = MemoViewModel.swift; sourceTree = "<group>"; };
		79D81FC9280C7FB700EB7260 /* FolderRowView.swift */ = {isa = PBXFileReference; lastKnownFileType = sourcecode.swift; path = FolderRowView.swift; sourceTree = "<group>"; };
/* End PBXFileReference section */

/* Begin PBXFrameworksBuildPhase section */
		79D81FA7280C7E2500EB7260 /* Frameworks */ = {
			isa = PBXFrameworksBuildPhase;
			buildActionMask = 2147483647;
			files = (
				796C1647280DFD1D009CBBC3 /* HalfASheet in Frameworks */,
			);
			runOnlyForDeploymentPostprocessing = 0;
		};
/* End PBXFrameworksBuildPhase section */

/* Begin PBXGroup section */
		796C164C280E06CE009CBBC3 /* MainView */ = {
			isa = PBXGroup;
			children = (
				79D81FC1280C7E7300EB7260 /* FolderListView.swift */,
				796C1640280DF6D3009CBBC3 /* MemoListView.swift */,
				7980E6C72810392A004628CB /* NewMemoView.swift */,
				79CF8327281B086E00D8BB64 /* ImageView.swift */,
			);
			path = MainView;
			sourceTree = "<group>";
		};
		796C164D280E06D2009CBBC3 /* Components */ = {
			isa = PBXGroup;
			children = (
				79D81FC9280C7FB700EB7260 /* FolderRowView.swift */,
				796C163E280DF55A009CBBC3 /* MemoRowView.swift */,
				796C164A280E03D7009CBBC3 /* NoMemoView.swift */,
				796C1648280DFFBA009CBBC3 /* NoFolderView.swift */,
				79CF83212819CE7F00D8BB64 /* SecretMemoView.swift */,
				79CF83232819DE9300D8BB64 /* ShareSheet.swift */,
			);
			path = Components;
			sourceTree = "<group>";
		};
		796C1650280EA0AA009CBBC3 /* Extension */ = {
			isa = PBXGroup;
			children = (
				796C1651280EA0B6009CBBC3 /* Color.swift */,
				7941D71728109A45007975D2 /* UIKeyboard.swift */,
				79CF8325281AED5300D8BB64 /* ImagePicker.swift */,
			);
			path = Extension;
			sourceTree = "<group>";
		};
		799D3CAA2811EC9F00B93EC6 /* Utilities */ = {
			isa = PBXGroup;
			children = (
			);
			path = Utilities;
			sourceTree = "<group>";
		};
		79D81FA1280C7E2500EB7260 = {
			isa = PBXGroup;
			children = (
				795060472812A0D60062923C /* LaunchScreen.storyboard */,
				799D3CAA2811EC9F00B93EC6 /* Utilities */,
				796C1650280EA0AA009CBBC3 /* Extension */,
				79D81FAD280C7E2500EB7260 /* ColMemoApp.swift */,
				79D81FBB280C7E3B00EB7260 /* View */,
				79D81FBC280C7E3D00EB7260 /* ViewModel */,
				79D81FBE280C7E4600EB7260 /* Model */,
				79D81FAC280C7E2500EB7260 /* ColMemo */,
				79D81FAB280C7E2500EB7260 /* Products */,
			);
			sourceTree = "<group>";
		};
		79D81FAB280C7E2500EB7260 /* Products */ = {
			isa = PBXGroup;
			children = (
				79D81FAA280C7E2500EB7260 /* ColMemo.app */,
			);
			name = Products;
			sourceTree = "<group>";
		};
		79D81FAC280C7E2500EB7260 /* ColMemo */ = {
			isa = PBXGroup;
			children = (
				79D81FB1280C7E2600EB7260 /* Assets.xcassets */,
				79D81FB3280C7E2600EB7260 /* Preview Content */,
			);
			path = ColMemo;
			sourceTree = "<group>";
		};
		79D81FB3280C7E2600EB7260 /* Preview Content */ = {
			isa = PBXGroup;
			children = (
				79D81FB4280C7E2600EB7260 /* Preview Assets.xcassets */,
			);
			path = "Preview Content";
			sourceTree = "<group>";
		};
		79D81FBB280C7E3B00EB7260 /* View */ = {
			isa = PBXGroup;
			children = (
				796C164D280E06D2009CBBC3 /* Components */,
				796C164C280E06CE009CBBC3 /* MainView */,
			);
			path = View;
			sourceTree = "<group>";
		};
		79D81FBC280C7E3D00EB7260 /* ViewModel */ = {
			isa = PBXGroup;
			children = (
				79D81FC3280C7E8800EB7260 /* MemoViewModel.swift */,
			);
			path = ViewModel;
			sourceTree = "<group>";
		};
		79D81FBE280C7E4600EB7260 /* Model */ = {
			isa = PBXGroup;
			children = (
				79D81FBF280C7E5200EB7260 /* MemoModel.swift */,
			);
			path = Model;
			sourceTree = "<group>";
		};
/* End PBXGroup section */

/* Begin PBXNativeTarget section */
		79D81FA9280C7E2500EB7260 /* ColMemo */ = {
			isa = PBXNativeTarget;
			buildConfigurationList = 79D81FB8280C7E2600EB7260 /* Build configuration list for PBXNativeTarget "ColMemo" */;
			buildPhases = (
				79D81FA6280C7E2500EB7260 /* Sources */,
				79D81FA7280C7E2500EB7260 /* Frameworks */,
				79D81FA8280C7E2500EB7260 /* Resources */,
			);
			buildRules = (
			);
			dependencies = (
			);
			name = ColMemo;
			packageProductDependencies = (
				796C1646280DFD1D009CBBC3 /* HalfASheet */,
			);
			productName = ColMemo;
			productReference = 79D81FAA280C7E2500EB7260 /* ColMemo.app */;
			productType = "com.apple.product-type.application";
		};
/* End PBXNativeTarget section */

/* Begin PBXProject section */
		79D81FA2280C7E2500EB7260 /* Project object */ = {
			isa = PBXProject;
			attributes = {
				BuildIndependentTargetsInParallel = 1;
				LastSwiftUpdateCheck = 1330;
				LastUpgradeCheck = 1330;
				TargetAttributes = {
					79D81FA9280C7E2500EB7260 = {
						CreatedOnToolsVersion = 13.3.1;
					};
				};
			};
			buildConfigurationList = 79D81FA5280C7E2500EB7260 /* Build configuration list for PBXProject "ColMemo" */;
			compatibilityVersion = "Xcode 13.0";
			developmentRegion = en;
			hasScannedForEncodings = 0;
			knownRegions = (
				en,
				Base,
			);
			mainGroup = 79D81FA1280C7E2500EB7260;
			packageReferences = (
				796C1645280DFD1D009CBBC3 /* XCRemoteSwiftPackageReference "HalfASheet" */,
			);
			productRefGroup = 79D81FAB280C7E2500EB7260 /* Products */;
			projectDirPath = "";
			projectRoot = "";
			targets = (
				79D81FA9280C7E2500EB7260 /* ColMemo */,
			);
		};
/* End PBXProject section */

/* Begin PBXResourcesBuildPhase section */
		79D81FA8280C7E2500EB7260 /* Resources */ = {
			isa = PBXResourcesBuildPhase;
			buildActionMask = 2147483647;
			files = (
				795060482812A0D60062923C /* LaunchScreen.storyboard in Resources */,
				79D81FB5280C7E2600EB7260 /* Preview Assets.xcassets in Resources */,
				79D81FB2280C7E2600EB7260 /* Assets.xcassets in Resources */,
			);
			runOnlyForDeploymentPostprocessing = 0;
		};
/* End PBXResourcesBuildPhase section */

/* Begin PBXSourcesBuildPhase section */
		79D81FA6280C7E2500EB7260 /* Sources */ = {
			isa = PBXSourcesBuildPhase;
			buildActionMask = 2147483647;
			files = (
				7980E6C82810392A004628CB /* NewMemoView.swift in Sources */,
				796C163F280DF55A009CBBC3 /* MemoRowView.swift in Sources */,
				79D81FC2280C7E7300EB7260 /* FolderListView.swift in Sources */,
				796C1641280DF6D3009CBBC3 /* MemoListView.swift in Sources */,
				79D81FAE280C7E2500EB7260 /* ColMemoApp.swift in Sources */,
				796C1652280EA0B6009CBBC3 /* Color.swift in Sources */,
				79CF83222819CE7F00D8BB64 /* SecretMemoView.swift in Sources */,
				796C164B280E03D7009CBBC3 /* NoMemoView.swift in Sources */,
				79CF8328281B086E00D8BB64 /* ImageView.swift in Sources */,
				7941D71828109A45007975D2 /* UIKeyboard.swift in Sources */,
				79D81FCA280C7FB700EB7260 /* FolderRowView.swift in Sources */,
				79D81FC0280C7E5200EB7260 /* MemoModel.swift in Sources */,
				79D81FC4280C7E8900EB7260 /* MemoViewModel.swift in Sources */,
				79CF8326281AED5300D8BB64 /* ImagePicker.swift in Sources */,
				796C1649280DFFBA009CBBC3 /* NoFolderView.swift in Sources */,
				79CF83242819DE9300D8BB64 /* ShareSheet.swift in Sources */,
			);
			runOnlyForDeploymentPostprocessing = 0;
		};
/* End PBXSourcesBuildPhase section */

/* Begin XCBuildConfiguration section */
		79D81FB6280C7E2600EB7260 /* Debug */ = {
			isa = XCBuildConfiguration;
			buildSettings = {
				ALWAYS_SEARCH_USER_PATHS = NO;
				CLANG_ANALYZER_NONNULL = YES;
				CLANG_ANALYZER_NUMBER_OBJECT_CONVERSION = YES_AGGRESSIVE;
				CLANG_CXX_LANGUAGE_STANDARD = "gnu++17";
				CLANG_ENABLE_MODULES = YES;
				CLANG_ENABLE_OBJC_ARC = YES;
				CLANG_ENABLE_OBJC_WEAK = YES;
				CLANG_WARN_BLOCK_CAPTURE_AUTORELEASING = YES;
				CLANG_WARN_BOOL_CONVERSION = YES;
				CLANG_WARN_COMMA = YES;
				CLANG_WARN_CONSTANT_CONVERSION = YES;
				CLANG_WARN_DEPRECATED_OBJC_IMPLEMENTATIONS = YES;
				CLANG_WARN_DIRECT_OBJC_ISA_USAGE = YES_ERROR;
				CLANG_WARN_DOCUMENTATION_COMMENTS = YES;
				CLANG_WARN_EMPTY_BODY = YES;
				CLANG_WARN_ENUM_CONVERSION = YES;
				CLANG_WARN_INFINITE_RECURSION = YES;
				CLANG_WARN_INT_CONVERSION = YES;
				CLANG_WARN_NON_LITERAL_NULL_CONVERSION = YES;
				CLANG_WARN_OBJC_IMPLICIT_RETAIN_SELF = YES;
				CLANG_WARN_OBJC_LITERAL_CONVERSION = YES;
				CLANG_WARN_OBJC_ROOT_CLASS = YES_ERROR;
				CLANG_WARN_QUOTED_INCLUDE_IN_FRAMEWORK_HEADER = YES;
				CLANG_WARN_RANGE_LOOP_ANALYSIS = YES;
				CLANG_WARN_STRICT_PROTOTYPES = YES;
				CLANG_WARN_SUSPICIOUS_MOVE = YES;
				CLANG_WARN_UNGUARDED_AVAILABILITY = YES_AGGRESSIVE;
				CLANG_WARN_UNREACHABLE_CODE = YES;
				CLANG_WARN__DUPLICATE_METHOD_MATCH = YES;
				COPY_PHASE_STRIP = NO;
				DEBUG_INFORMATION_FORMAT = dwarf;
				ENABLE_STRICT_OBJC_MSGSEND = YES;
				ENABLE_TESTABILITY = YES;
				GCC_C_LANGUAGE_STANDARD = gnu11;
				GCC_DYNAMIC_NO_PIC = NO;
				GCC_NO_COMMON_BLOCKS = YES;
				GCC_OPTIMIZATION_LEVEL = 0;
				GCC_PREPROCESSOR_DEFINITIONS = (
					"DEBUG=1",
					"$(inherited)",
				);
				GCC_WARN_64_TO_32_BIT_CONVERSION = YES;
				GCC_WARN_ABOUT_RETURN_TYPE = YES_ERROR;
				GCC_WARN_UNDECLARED_SELECTOR = YES;
				GCC_WARN_UNINITIALIZED_AUTOS = YES_AGGRESSIVE;
				GCC_WARN_UNUSED_FUNCTION = YES;
				GCC_WARN_UNUSED_VARIABLE = YES;
				IPHONEOS_DEPLOYMENT_TARGET = 15.0;
				MTL_ENABLE_DEBUG_INFO = INCLUDE_SOURCE;
				MTL_FAST_MATH = YES;
				ONLY_ACTIVE_ARCH = YES;
				SDKROOT = iphoneos;
				SWIFT_ACTIVE_COMPILATION_CONDITIONS = DEBUG;
				SWIFT_OPTIMIZATION_LEVEL = "-Onone";
			};
			name = Debug;
		};
		79D81FB7280C7E2600EB7260 /* Release */ = {
			isa = XCBuildConfiguration;
			buildSettings = {
				ALWAYS_SEARCH_USER_PATHS = NO;
				CLANG_ANALYZER_NONNULL = YES;
				CLANG_ANALYZER_NUMBER_OBJECT_CONVERSION = YES_AGGRESSIVE;
				CLANG_CXX_LANGUAGE_STANDARD = "gnu++17";
				CLANG_ENABLE_MODULES = YES;
				CLANG_ENABLE_OBJC_ARC = YES;
				CLANG_ENABLE_OBJC_WEAK = YES;
				CLANG_WARN_BLOCK_CAPTURE_AUTORELEASING = YES;
				CLANG_WARN_BOOL_CONVERSION = YES;
				CLANG_WARN_COMMA = YES;
				CLANG_WARN_CONSTANT_CONVERSION = YES;
				CLANG_WARN_DEPRECATED_OBJC_IMPLEMENTATIONS = YES;
				CLANG_WARN_DIRECT_OBJC_ISA_USAGE = YES_ERROR;
				CLANG_WARN_DOCUMENTATION_COMMENTS = YES;
				CLANG_WARN_EMPTY_BODY = YES;
				CLANG_WARN_ENUM_CONVERSION = YES;
				CLANG_WARN_INFINITE_RECURSION = YES;
				CLANG_WARN_INT_CONVERSION = YES;
				CLANG_WARN_NON_LITERAL_NULL_CONVERSION = YES;
				CLANG_WARN_OBJC_IMPLICIT_RETAIN_SELF = YES;
				CLANG_WARN_OBJC_LITERAL_CONVERSION = YES;
				CLANG_WARN_OBJC_ROOT_CLASS = YES_ERROR;
				CLANG_WARN_QUOTED_INCLUDE_IN_FRAMEWORK_HEADER = YES;
				CLANG_WARN_RANGE_LOOP_ANALYSIS = YES;
				CLANG_WARN_STRICT_PROTOTYPES = YES;
				CLANG_WARN_SUSPICIOUS_MOVE = YES;
				CLANG_WARN_UNGUARDED_AVAILABILITY = YES_AGGRESSIVE;
				CLANG_WARN_UNREACHABLE_CODE = YES;
				CLANG_WARN__DUPLICATE_METHOD_MATCH = YES;
				COPY_PHASE_STRIP = NO;
				DEBUG_INFORMATION_FORMAT = "dwarf-with-dsym";
				ENABLE_NS_ASSERTIONS = NO;
				ENABLE_STRICT_OBJC_MSGSEND = YES;
				GCC_C_LANGUAGE_STANDARD = gnu11;
				GCC_NO_COMMON_BLOCKS = YES;
				GCC_WARN_64_TO_32_BIT_CONVERSION = YES;
				GCC_WARN_ABOUT_RETURN_TYPE = YES_ERROR;
				GCC_WARN_UNDECLARED_SELECTOR = YES;
				GCC_WARN_UNINITIALIZED_AUTOS = YES_AGGRESSIVE;
				GCC_WARN_UNUSED_FUNCTION = YES;
				GCC_WARN_UNUSED_VARIABLE = YES;
				IPHONEOS_DEPLOYMENT_TARGET = 15.0;
				MTL_ENABLE_DEBUG_INFO = NO;
				MTL_FAST_MATH = YES;
				SDKROOT = iphoneos;
				SWIFT_COMPILATION_MODE = wholemodule;
				SWIFT_OPTIMIZATION_LEVEL = "-O";
				VALIDATE_PRODUCT = YES;
			};
			name = Release;
		};
		79D81FB9280C7E2600EB7260 /* Debug */ = {
			isa = XCBuildConfiguration;
			buildSettings = {
				ASSETCATALOG_COMPILER_APPICON_NAME = AppIcon;
				ASSETCATALOG_COMPILER_GLOBAL_ACCENT_COLOR_NAME = AccentColor;
				CODE_SIGN_STYLE = Automatic;
				CURRENT_PROJECT_VERSION = 1;
				DEVELOPMENT_ASSET_PATHS = "\"ColMemo/Preview Content\"";
				DEVELOPMENT_TEAM = SRJSV34WBB;
				ENABLE_PREVIEWS = YES;
				GENERATE_INFOPLIST_FILE = YES;
				INFOPLIST_KEY_UIApplicationSceneManifest_Generation = YES;
				INFOPLIST_KEY_UIApplicationSupportsIndirectInputEvents = YES;
				INFOPLIST_KEY_UILaunchScreen_Generation = YES;
				INFOPLIST_KEY_UILaunchStoryboardName = LaunchScreen;
				INFOPLIST_KEY_UISupportedInterfaceOrientations = UIInterfaceOrientationPortrait;
				INFOPLIST_KEY_UISupportedInterfaceOrientations_iPad = "UIInterfaceOrientationPortrait UIInterfaceOrientationPortraitUpsideDown UIInterfaceOrientationLandscapeLeft UIInterfaceOrientationLandscapeRight";
				INFOPLIST_KEY_UISupportedInterfaceOrientations_iPhone = UIInterfaceOrientationPortrait;
				LD_RUNPATH_SEARCH_PATHS = (
					"$(inherited)",
					"@executable_path/Frameworks",
				);
				MARKETING_VERSION = 1.0;
				PRODUCT_BUNDLE_IDENTIFIER = devleeky16498.ColMemo;
				PRODUCT_NAME = "$(TARGET_NAME)";
				SWIFT_EMIT_LOC_STRINGS = YES;
				SWIFT_VERSION = 5.0;
				TARGETED_DEVICE_FAMILY = 1;
			};
			name = Debug;
		};
		79D81FBA280C7E2600EB7260 /* Release */ = {
			isa = XCBuildConfiguration;
			buildSettings = {
				ASSETCATALOG_COMPILER_APPICON_NAME = AppIcon;
				ASSETCATALOG_COMPILER_GLOBAL_ACCENT_COLOR_NAME = AccentColor;
				CODE_SIGN_STYLE = Automatic;
				CURRENT_PROJECT_VERSION = 1;
				DEVELOPMENT_ASSET_PATHS = "\"ColMemo/Preview Content\"";
				DEVELOPMENT_TEAM = SRJSV34WBB;
				ENABLE_PREVIEWS = YES;
				GENERATE_INFOPLIST_FILE = YES;
				INFOPLIST_KEY_UIApplicationSceneManifest_Generation = YES;
				INFOPLIST_KEY_UIApplicationSupportsIndirectInputEvents = YES;
				INFOPLIST_KEY_UILaunchScreen_Generation = YES;
				INFOPLIST_KEY_UILaunchStoryboardName = LaunchScreen;
				INFOPLIST_KEY_UISupportedInterfaceOrientations = UIInterfaceOrientationPortrait;
				INFOPLIST_KEY_UISupportedInterfaceOrientations_iPad = "UIInterfaceOrientationPortrait UIInterfaceOrientationPortraitUpsideDown UIInterfaceOrientationLandscapeLeft UIInterfaceOrientationLandscapeRight";
				INFOPLIST_KEY_UISupportedInterfaceOrientations_iPhone = UIInterfaceOrientationPortrait;
				LD_RUNPATH_SEARCH_PATHS = (
					"$(inherited)",
					"@executable_path/Frameworks",
				);
				MARKETING_VERSION = 1.0;
				PRODUCT_BUNDLE_IDENTIFIER = devleeky16498.ColMemo;
				PRODUCT_NAME = "$(TARGET_NAME)";
				SWIFT_EMIT_LOC_STRINGS = YES;
				SWIFT_VERSION = 5.0;
				TARGETED_DEVICE_FAMILY = 1;
			};
			name = Release;
		};
/* End XCBuildConfiguration section */

/* Begin XCConfigurationList section */
		79D81FA5280C7E2500EB7260 /* Build configuration list for PBXProject "ColMemo" */ = {
			isa = XCConfigurationList;
			buildConfigurations = (
				79D81FB6280C7E2600EB7260 /* Debug */,
				79D81FB7280C7E2600EB7260 /* Release */,
			);
			defaultConfigurationIsVisible = 0;
			defaultConfigurationName = Release;
		};
		79D81FB8280C7E2600EB7260 /* Build configuration list for PBXNativeTarget "ColMemo" */ = {
			isa = XCConfigurationList;
			buildConfigurations = (
				79D81FB9280C7E2600EB7260 /* Debug */,
				79D81FBA280C7E2600EB7260 /* Release */,
			);
			defaultConfigurationIsVisible = 0;
			defaultConfigurationName = Release;
		};
/* End XCConfigurationList section */

/* Begin XCRemoteSwiftPackageReference section */
		796C1645280DFD1D009CBBC3 /* XCRemoteSwiftPackageReference "HalfASheet" */ = {
			isa = XCRemoteSwiftPackageReference;
			repositoryURL = "https://github.com/franklynw/HalfASheet";
			requirement = {
				kind = upToNextMajorVersion;
				minimumVersion = 1.0.0;
			};
		};
/* End XCRemoteSwiftPackageReference section */

/* Begin XCSwiftPackageProductDependency section */
		796C1646280DFD1D009CBBC3 /* HalfASheet */ = {
			isa = XCSwiftPackageProductDependency;
			package = 796C1645280DFD1D009CBBC3 /* XCRemoteSwiftPackageReference "HalfASheet" */;
			productName = HalfASheet;
		};
/* End XCSwiftPackageProductDependency section */
	};
	rootObject = 79D81FA2280C7E2500EB7260 /* Project object */;
}
